
Microsoft Visual Studio Solution File, Format Version 12.00
# Visual Studio Version 17
VisualStudioVersion = 17.5.002.0
MinimumVisualStudioVersion = 10.0.40219.1
Project("{9A19103F-16F7-4668-BE54-9A1E7A4F7556}") = "NewTask", "NewTask\NewTask.csproj", "{3D86996A-1D07-4DE7-BCDE-2E1A05171AF8}"
EndProject
Project("{9A19103F-16F7-4668-BE54-9A1E7A4F7556}") = "Worker", "Worker\Worker.csproj", "{6C72BAD8-DDA8-4BEB-BC1F-88A75744F195}"
EndProject
Global
	GlobalSection(SolutionConfigurationPlatforms) = preSolution
		Debug|Any CPU = Debug|Any CPU
		Release|Any CPU = Release|Any CPU
	EndGlobalSection
	GlobalSection(ProjectConfigurationPlatforms) = postSolution
		{3D86996A-1D07-4DE7-BCDE-2E1A05171AF8}.Debug|Any CPU.ActiveCfg = Debug|Any CPU
		{3D86996A-1D07-4DE7-BCDE-2E1A05171AF8}.Debug|Any CPU.Build.0 = Debug|Any CPU
		{3D86996A-1D07-4DE7-BCDE-2E1A05171AF8}.Release|Any CPU.ActiveCfg = Release|Any CPU
		{3D86996A-1D07-4DE7-BCDE-2E1A05171AF8}.Release|Any CPU.Build.0 = Release|Any CPU
		{6C72BAD8-DDA8-4BEB-BC1F-88A75744F195}.Debug|Any CPU.ActiveCfg = Debug|Any CPU
		{6C72BAD8-DDA8-4BEB-BC1F-88A75744F195}.Debug|Any CPU.Build.0 = Debug|Any CPU
		{6C72BAD8-DDA8-4BEB-BC1F-88A75744F195}.Release|Any CPU.ActiveCfg = Release|Any CPU
		{6C72BAD8-DDA8-4BEB-BC1F-88A75744F195}.Release|Any CPU.Build.0 = Release|Any CPU
	EndGlobalSection
	GlobalSection(SolutionProperties) = preSolution
		HideSolutionNode = FALSE
	EndGlobalSection
	GlobalSection(ExtensibilityGlobals) = postSolution
		SolutionGuid = {0A3A030E-BEBE-4AC2-87AD-80D1E1D4216E}
	EndGlobalSection
EndGlobal
