
Microsoft Visual Studio Solution File, Format Version 12.00
# Visual Studio Version 17
VisualStudioVersion = 17.5.002.0
MinimumVisualStudioVersion = 10.0.40219.1
Project("{9A19103F-16F7-4668-BE54-9A1E7A4F7556}") = "Receive", "Receive\Receive.csproj", "{FDE106A8-5BF4-428C-8CBB-95A66CB8A945}"
EndProject
Project("{9A19103F-16F7-4668-BE54-9A1E7A4F7556}") = "Send", "Send\Send.csproj", "{E715EAA8-A829-4436-866C-552F7E533614}"
EndProject
Global
	GlobalSection(SolutionConfigurationPlatforms) = preSolution
		Debug|Any CPU = Debug|Any CPU
		Release|Any CPU = Release|Any CPU
	EndGlobalSection
	GlobalSection(ProjectConfigurationPlatforms) = postSolution
		{FDE106A8-5BF4-428C-8CBB-95A66CB8A945}.Debug|Any CPU.ActiveCfg = Debug|Any CPU
		{FDE106A8-5BF4-428C-8CBB-95A66CB8A945}.Debug|Any CPU.Build.0 = Debug|Any CPU
		{FDE106A8-5BF4-428C-8CBB-95A66CB8A945}.Release|Any CPU.ActiveCfg = Release|Any CPU
		{FDE106A8-5BF4-428C-8CBB-95A66CB8A945}.Release|Any CPU.Build.0 = Release|Any CPU
		{E715EAA8-A829-4436-866C-552F7E533614}.Debug|Any CPU.ActiveCfg = Debug|Any CPU
		{E715EAA8-A829-4436-866C-552F7E533614}.Debug|Any CPU.Build.0 = Debug|Any CPU
		{E715EAA8-A829-4436-866C-552F7E533614}.Release|Any CPU.ActiveCfg = Release|Any CPU
		{E715EAA8-A829-4436-866C-552F7E533614}.Release|Any CPU.Build.0 = Release|Any CPU
	EndGlobalSection
	GlobalSection(SolutionProperties) = preSolution
		HideSolutionNode = FALSE
	EndGlobalSection
	GlobalSection(ExtensibilityGlobals) = postSolution
		SolutionGuid = {0A3A030E-BEBE-4AC2-87AD-80D1E1D4216E}
	EndGlobalSection
EndGlobal
